
Microsoft Visual Studio Solution File, Format Version 12.00
# Visual Studio Version 17
VisualStudioVersion = 17.12.35707.178 d17.12
MinimumVisualStudioVersion = 10.0.40219.1
Project("{FAE04EC0-301F-11D3-BF4B-00C04F79EFBC}") = "eduHillel_HW8_Arrays", "eduHillel_HW8_Arrays.csproj", "{BC5B7DD3-52A7-4F66-AD71-D9E2ADC28082}"
EndProject
Project("{FAE04EC0-301F-11D3-BF4B-00C04F79EFBC}") = "eduHillel_HW8_Arrays2", "..\eduHillel_HW8_Arrays2\eduHillel_HW8_Arrays2.csproj", "{46BD9BD4-F421-4EC5-B4EE-48E9B102618F}"
EndProject
Project("{FAE04EC0-301F-11D3-BF4B-00C04F79EFBC}") = "eduHillel_HW8_Arrays3", "..\eduHillel_HW8_Arrays3\eduHillel_HW8_Arrays3.csproj", "{5BD312D0-A9AD-4722-A9F7-E18E8419B3BF}"
EndProject
Global
	GlobalSection(SolutionConfigurationPlatforms) = preSolution
		Debug|Any CPU = Debug|Any CPU
		Release|Any CPU = Release|Any CPU
	EndGlobalSection
	GlobalSection(ProjectConfigurationPlatforms) = postSolution
		{BC5B7DD3-52A7-4F66-AD71-D9E2ADC28082}.Debug|Any CPU.ActiveCfg = Debug|Any CPU
		{BC5B7DD3-52A7-4F66-AD71-D9E2ADC28082}.Debug|Any CPU.Build.0 = Debug|Any CPU
		{BC5B7DD3-52A7-4F66-AD71-D9E2ADC28082}.Release|Any CPU.ActiveCfg = Release|Any CPU
		{BC5B7DD3-52A7-4F66-AD71-D9E2ADC28082}.Release|Any CPU.Build.0 = Release|Any CPU
		{46BD9BD4-F421-4EC5-B4EE-48E9B102618F}.Debug|Any CPU.ActiveCfg = Debug|Any CPU
		{46BD9BD4-F421-4EC5-B4EE-48E9B102618F}.Debug|Any CPU.Build.0 = Debug|Any CPU
		{46BD9BD4-F421-4EC5-B4EE-48E9B102618F}.Release|Any CPU.ActiveCfg = Release|Any CPU
		{46BD9BD4-F421-4EC5-B4EE-48E9B102618F}.Release|Any CPU.Build.0 = Release|Any CPU
		{5BD312D0-A9AD-4722-A9F7-E18E8419B3BF}.Debug|Any CPU.ActiveCfg = Debug|Any CPU
		{5BD312D0-A9AD-4722-A9F7-E18E8419B3BF}.Debug|Any CPU.Build.0 = Debug|Any CPU
		{5BD312D0-A9AD-4722-A9F7-E18E8419B3BF}.Release|Any CPU.ActiveCfg = Release|Any CPU
		{5BD312D0-A9AD-4722-A9F7-E18E8419B3BF}.Release|Any CPU.Build.0 = Release|Any CPU
	EndGlobalSection
	GlobalSection(SolutionProperties) = preSolution
		HideSolutionNode = FALSE
	EndGlobalSection
EndGlobal
